
Microsoft Visual Studio Solution File, Format Version 12.00
# Visual Studio Version 16
VisualStudioVersion = 16.0.30204.135
MinimumVisualStudioVersion = 10.0.40219.1
Project("{2150E333-8FDC-42A3-9474-1A3956D46DE8}") = "01_KCafe", "01_KCafe", "{4530FF8A-6E45-45D8-97D2-6F07A0DE8210}"
EndProject
Project("{2150E333-8FDC-42A3-9474-1A3956D46DE8}") = "02_KCLaims", "02_KCLaims", "{4CA2D2AC-B8F4-46BE-B776-4B6941CCD57E}"
EndProject
Project("{2150E333-8FDC-42A3-9474-1A3956D46DE8}") = "03__KBadges", "03__KBadges", "{F8496D6D-9BE0-4BA0-BD6E-A8725487D9DA}"
EndProject
Project("{FAE04EC0-301F-11D3-BF4B-00C04F79EFBC}") = "01_CafeUI", "01_CafeUI\01_CafeUI.csproj", "{48740FCD-7A5C-49B4-9D49-25376E36F79D}"
EndProject
Project("{FAE04EC0-301F-11D3-BF4B-00C04F79EFBC}") = "01_Cafe", "01_CafeRepository\01_Cafe.csproj", "{69F5068E-B444-42F3-BD9D-5AEA57246F0A}"
EndProject
Project("{FAE04EC0-301F-11D3-BF4B-00C04F79EFBC}") = "01_CafeTest", "01_CafeTest\01_CafeTest.csproj", "{F0251D4F-A87E-40A5-9593-3DFC0A977A39}"
EndProject
Project("{FAE04EC0-301F-11D3-BF4B-00C04F79EFBC}") = "02_ClaimsUI", "02_ClaimsUI\02_ClaimsUI.csproj", "{C396BF83-6023-49C0-9CCA-732B7FB9B0C5}"
EndProject
Project("{FAE04EC0-301F-11D3-BF4B-00C04F79EFBC}") = "02_ClaimsTest", "02_ClaimsTest\02_ClaimsTest.csproj", "{0B270ABF-35A6-4CDA-8C40-F02458D9EF26}"
EndProject
Project("{FAE04EC0-301F-11D3-BF4B-00C04F79EFBC}") = "02_Claims", "02_ClaimsRepository\02_Claims.csproj", "{CA713B90-76E1-4CA4-9B1E-5DE1EC2975FF}"
EndProject
Project("{FAE04EC0-301F-11D3-BF4B-00C04F79EFBC}") = "03_BadgesUI", "03_Badges\03_BadgesUI.csproj", "{605DA140-F2F8-40FF-A307-DEBDB6C571FA}"
EndProject
Project("{FAE04EC0-301F-11D3-BF4B-00C04F79EFBC}") = "03_BadgesTest", "03_BadgeTest\03_BadgesTest.csproj", "{F34759F2-BF84-4A0D-B4BB-5D3AD5EEC821}"
EndProject
Project("{FAE04EC0-301F-11D3-BF4B-00C04F79EFBC}") = "03_Badges", "03_BadgesClass\03_Badges.csproj", "{45493021-CE36-4670-9793-54FFC5B7580F}"
EndProject
Global
	GlobalSection(SolutionConfigurationPlatforms) = preSolution
		Debug|Any CPU = Debug|Any CPU
		Release|Any CPU = Release|Any CPU
	EndGlobalSection
	GlobalSection(ProjectConfigurationPlatforms) = postSolution
		{48740FCD-7A5C-49B4-9D49-25376E36F79D}.Debug|Any CPU.ActiveCfg = Debug|Any CPU
		{48740FCD-7A5C-49B4-9D49-25376E36F79D}.Debug|Any CPU.Build.0 = Debug|Any CPU
		{48740FCD-7A5C-49B4-9D49-25376E36F79D}.Release|Any CPU.ActiveCfg = Release|Any CPU
		{48740FCD-7A5C-49B4-9D49-25376E36F79D}.Release|Any CPU.Build.0 = Release|Any CPU
		{69F5068E-B444-42F3-BD9D-5AEA57246F0A}.Debug|Any CPU.ActiveCfg = Debug|Any CPU
		{69F5068E-B444-42F3-BD9D-5AEA57246F0A}.Debug|Any CPU.Build.0 = Debug|Any CPU
		{69F5068E-B444-42F3-BD9D-5AEA57246F0A}.Release|Any CPU.ActiveCfg = Release|Any CPU
		{69F5068E-B444-42F3-BD9D-5AEA57246F0A}.Release|Any CPU.Build.0 = Release|Any CPU
		{F0251D4F-A87E-40A5-9593-3DFC0A977A39}.Debug|Any CPU.ActiveCfg = Debug|Any CPU
		{F0251D4F-A87E-40A5-9593-3DFC0A977A39}.Debug|Any CPU.Build.0 = Debug|Any CPU
		{F0251D4F-A87E-40A5-9593-3DFC0A977A39}.Release|Any CPU.ActiveCfg = Release|Any CPU
		{F0251D4F-A87E-40A5-9593-3DFC0A977A39}.Release|Any CPU.Build.0 = Release|Any CPU
		{C396BF83-6023-49C0-9CCA-732B7FB9B0C5}.Debug|Any CPU.ActiveCfg = Debug|Any CPU
		{C396BF83-6023-49C0-9CCA-732B7FB9B0C5}.Debug|Any CPU.Build.0 = Debug|Any CPU
		{C396BF83-6023-49C0-9CCA-732B7FB9B0C5}.Release|Any CPU.ActiveCfg = Release|Any CPU
		{C396BF83-6023-49C0-9CCA-732B7FB9B0C5}.Release|Any CPU.Build.0 = Release|Any CPU
		{0B270ABF-35A6-4CDA-8C40-F02458D9EF26}.Debug|Any CPU.ActiveCfg = Debug|Any CPU
		{0B270ABF-35A6-4CDA-8C40-F02458D9EF26}.Debug|Any CPU.Build.0 = Debug|Any CPU
		{0B270ABF-35A6-4CDA-8C40-F02458D9EF26}.Release|Any CPU.ActiveCfg = Release|Any CPU
		{0B270ABF-35A6-4CDA-8C40-F02458D9EF26}.Release|Any CPU.Build.0 = Release|Any CPU
		{CA713B90-76E1-4CA4-9B1E-5DE1EC2975FF}.Debug|Any CPU.ActiveCfg = Debug|Any CPU
		{CA713B90-76E1-4CA4-9B1E-5DE1EC2975FF}.Debug|Any CPU.Build.0 = Debug|Any CPU
		{CA713B90-76E1-4CA4-9B1E-5DE1EC2975FF}.Release|Any CPU.ActiveCfg = Release|Any CPU
		{CA713B90-76E1-4CA4-9B1E-5DE1EC2975FF}.Release|Any CPU.Build.0 = Release|Any CPU
		{605DA140-F2F8-40FF-A307-DEBDB6C571FA}.Debug|Any CPU.ActiveCfg = Debug|Any CPU
		{605DA140-F2F8-40FF-A307-DEBDB6C571FA}.Debug|Any CPU.Build.0 = Debug|Any CPU
		{605DA140-F2F8-40FF-A307-DEBDB6C571FA}.Release|Any CPU.ActiveCfg = Release|Any CPU
		{605DA140-F2F8-40FF-A307-DEBDB6C571FA}.Release|Any CPU.Build.0 = Release|Any CPU
		{F34759F2-BF84-4A0D-B4BB-5D3AD5EEC821}.Debug|Any CPU.ActiveCfg = Debug|Any CPU
		{F34759F2-BF84-4A0D-B4BB-5D3AD5EEC821}.Debug|Any CPU.Build.0 = Debug|Any CPU
		{F34759F2-BF84-4A0D-B4BB-5D3AD5EEC821}.Release|Any CPU.ActiveCfg = Release|Any CPU
		{F34759F2-BF84-4A0D-B4BB-5D3AD5EEC821}.Release|Any CPU.Build.0 = Release|Any CPU
		{45493021-CE36-4670-9793-54FFC5B7580F}.Debug|Any CPU.ActiveCfg = Debug|Any CPU
		{45493021-CE36-4670-9793-54FFC5B7580F}.Debug|Any CPU.Build.0 = Debug|Any CPU
		{45493021-CE36-4670-9793-54FFC5B7580F}.Release|Any CPU.ActiveCfg = Release|Any CPU
		{45493021-CE36-4670-9793-54FFC5B7580F}.Release|Any CPU.Build.0 = Release|Any CPU
	EndGlobalSection
	GlobalSection(SolutionProperties) = preSolution
		HideSolutionNode = FALSE
	EndGlobalSection
	GlobalSection(NestedProjects) = preSolution
		{48740FCD-7A5C-49B4-9D49-25376E36F79D} = {4530FF8A-6E45-45D8-97D2-6F07A0DE8210}
		{69F5068E-B444-42F3-BD9D-5AEA57246F0A} = {4530FF8A-6E45-45D8-97D2-6F07A0DE8210}
		{F0251D4F-A87E-40A5-9593-3DFC0A977A39} = {4530FF8A-6E45-45D8-97D2-6F07A0DE8210}
		{C396BF83-6023-49C0-9CCA-732B7FB9B0C5} = {4CA2D2AC-B8F4-46BE-B776-4B6941CCD57E}
		{0B270ABF-35A6-4CDA-8C40-F02458D9EF26} = {4CA2D2AC-B8F4-46BE-B776-4B6941CCD57E}
		{CA713B90-76E1-4CA4-9B1E-5DE1EC2975FF} = {4CA2D2AC-B8F4-46BE-B776-4B6941CCD57E}
		{605DA140-F2F8-40FF-A307-DEBDB6C571FA} = {F8496D6D-9BE0-4BA0-BD6E-A8725487D9DA}
		{F34759F2-BF84-4A0D-B4BB-5D3AD5EEC821} = {F8496D6D-9BE0-4BA0-BD6E-A8725487D9DA}
		{45493021-CE36-4670-9793-54FFC5B7580F} = {F8496D6D-9BE0-4BA0-BD6E-A8725487D9DA}
	EndGlobalSection
	GlobalSection(ExtensibilityGlobals) = postSolution
		SolutionGuid = {34E5FFB1-C639-4375-B19B-94BFC3507A5C}
	EndGlobalSection
EndGlobal
